{
  "name": "modern-fullstack",
  "version": "1.0.0",
  "lockfileVersion": 2,
  "requires": true,
  "packages": {
    "": {
      "name": "modern-fullstack",
      "version": "1.0.0",
      "license": "ISC",
      "workspaces": [
        "exp/a"
      ]
    },
    "exp/a": {
      "version": "1.0.0",
      "license": "ISC"
    },
    "node_modules/a": {
      "resolved": "exp/a",
      "link": true
    }
  },
  "dependencies": {
    "a": {
      "version": "file:exp/a"
    }
  }
}
