{
  "name": "modern-fullstack",
  "version": "1.0.0",
  "lockfileVersion": 2,
  "requires": true,
  "packages": {
    "": {
      "name": "modern-fullstack",
      "version": "1.0.0",
      "license": "ISC",
      "workspaces": [
        "exp/a",
        "exp/jaeger",
        "exp/nestjs-sample"
      ]
    },
    "exp/a": {
      "version": "1.0.0",
      "license": "ISC"
    },
    "exp/jaeger": {
      "version": "1.0.0",
      "license": "ISC",
      "devDependencies": {}
    },
    "exp/nestjs-sample": {
      "version": "1.0.0",
      "license": "ISC",
      "devDependencies": {}
    },
    "node_modules/a": {
      "resolved": "exp/a",
      "link": true
    },
    "node_modules/jaeger": {
      "resolved": "exp/jaeger",
      "link": true
    },
    "node_modules/nestjs-sample": {
      "resolved": "exp/nestjs-sample",
      "link": true
    }
  },
  "dependencies": {
    "a": {
      "version": "file:exp/a"
    },
    "jaeger": {
      "version": "file:exp/jaeger"
    },
    "nestjs-sample": {
      "version": "file:exp/nestjs-sample"
    }
  }
}
